
Microsoft Visual Studio Solution File, Format Version 12.00
# Visual Studio Version 17
VisualStudioVersion = 17.13.35931.197
MinimumVisualStudioVersion = 10.0.40219.1
Project("{FAE04EC0-301F-11D3-BF4B-00C04F79EFBC}") = "ECommercePayment", "ECommercePayment\ECommercePayment.csproj", "{57E51986-0124-4B7C-9BE4-0679661457D2}"
EndProject
Project("{FAE04EC0-301F-11D3-BF4B-00C04F79EFBC}") = "ECommercePayment.Test", "ECommercePayment.Test\ECommercePayment.Test.csproj", "{395FBEB5-1076-42FC-9E90-5A5D411F3717}"
EndProject
Global
	GlobalSection(SolutionConfigurationPlatforms) = preSolution
		Debug|Any CPU = Debug|Any CPU
		Release|Any CPU = Release|Any CPU
	EndGlobalSection
	GlobalSection(ProjectConfigurationPlatforms) = postSolution
		{57E51986-0124-4B7C-9BE4-0679661457D2}.Debug|Any CPU.ActiveCfg = Debug|Any CPU
		{57E51986-0124-4B7C-9BE4-0679661457D2}.Debug|Any CPU.Build.0 = Debug|Any CPU
		{57E51986-0124-4B7C-9BE4-0679661457D2}.Release|Any CPU.ActiveCfg = Release|Any CPU
		{57E51986-0124-4B7C-9BE4-0679661457D2}.Release|Any CPU.Build.0 = Release|Any CPU
		{395FBEB5-1076-42FC-9E90-5A5D411F3717}.Debug|Any CPU.ActiveCfg = Debug|Any CPU
		{395FBEB5-1076-42FC-9E90-5A5D411F3717}.Debug|Any CPU.Build.0 = Debug|Any CPU
		{395FBEB5-1076-42FC-9E90-5A5D411F3717}.Release|Any CPU.ActiveCfg = Release|Any CPU
		{395FBEB5-1076-42FC-9E90-5A5D411F3717}.Release|Any CPU.Build.0 = Release|Any CPU
	EndGlobalSection
	GlobalSection(SolutionProperties) = preSolution
		HideSolutionNode = FALSE
	EndGlobalSection
	GlobalSection(ExtensibilityGlobals) = postSolution
		SolutionGuid = {C7358067-30BB-41CA-8970-69050C5B0B8C}
	EndGlobalSection
EndGlobal
